
Microsoft Visual Studio Solution File, Format Version 12.00
# Visual Studio 14
VisualStudioVersion = 14.0.25420.1
MinimumVisualStudioVersion = 10.0.40219.1
Project("{FAE04EC0-301F-11D3-BF4B-00C04F79EFBC}") = "MyDiaryApp.Android", "MyDiaryApp\MyDiaryApp.Android\MyDiaryApp.Android.csproj", "{2C26FB2E-6CE3-409B-A614-AAD3800CB94F}"
EndProject
Project("{FAE04EC0-301F-11D3-BF4B-00C04F79EFBC}") = "MyDiaryApp", "MyDiaryApp\MyDiaryApp\MyDiaryApp.csproj", "{39A7178C-FF41-40E2-8BE9-817533AD1135}"
EndProject
Project("{FAE04EC0-301F-11D3-BF4B-00C04F79EFBC}") = "MyDiaryApp.UWP", "MyDiaryApp\MyDiaryApp.UWP\MyDiaryApp.UWP.csproj", "{57C49941-97C9-440D-AC4C-F0E1958F8869}"
EndProject
Global
	GlobalSection(SolutionConfigurationPlatforms) = preSolution
		Ad-Hoc|Any CPU = Ad-Hoc|Any CPU
		Ad-Hoc|ARM = Ad-Hoc|ARM
		Ad-Hoc|iPhone = Ad-Hoc|iPhone
		Ad-Hoc|iPhoneSimulator = Ad-Hoc|iPhoneSimulator
		Ad-Hoc|x64 = Ad-Hoc|x64
		Ad-Hoc|x86 = Ad-Hoc|x86
		AppStore|Any CPU = AppStore|Any CPU
		AppStore|ARM = AppStore|ARM
		AppStore|iPhone = AppStore|iPhone
		AppStore|iPhoneSimulator = AppStore|iPhoneSimulator
		AppStore|x64 = AppStore|x64
		AppStore|x86 = AppStore|x86
		Debug|Any CPU = Debug|Any CPU
		Debug|ARM = Debug|ARM
		Debug|iPhone = Debug|iPhone
		Debug|iPhoneSimulator = Debug|iPhoneSimulator
		Debug|x64 = Debug|x64
		Debug|x86 = Debug|x86
		Release|Any CPU = Release|Any CPU
		Release|ARM = Release|ARM
		Release|iPhone = Release|iPhone
		Release|iPhoneSimulator = Release|iPhoneSimulator
		Release|x64 = Release|x64
		Release|x86 = Release|x86
	EndGlobalSection
	GlobalSection(ProjectConfigurationPlatforms) = postSolution
		{2C26FB2E-6CE3-409B-A614-AAD3800CB94F}.Ad-Hoc|Any CPU.ActiveCfg = Release|Any CPU
		{2C26FB2E-6CE3-409B-A614-AAD3800CB94F}.Ad-Hoc|Any CPU.Build.0 = Release|Any CPU
		{2C26FB2E-6CE3-409B-A614-AAD3800CB94F}.Ad-Hoc|Any CPU.Deploy.0 = Release|Any CPU
		{2C26FB2E-6CE3-409B-A614-AAD3800CB94F}.Ad-Hoc|ARM.ActiveCfg = Release|Any CPU
		{2C26FB2E-6CE3-409B-A614-AAD3800CB94F}.Ad-Hoc|ARM.Build.0 = Release|Any CPU
		{2C26FB2E-6CE3-409B-A614-AAD3800CB94F}.Ad-Hoc|ARM.Deploy.0 = Release|Any CPU
		{2C26FB2E-6CE3-409B-A614-AAD3800CB94F}.Ad-Hoc|iPhone.ActiveCfg = Release|Any CPU
		{2C26FB2E-6CE3-409B-A614-AAD3800CB94F}.Ad-Hoc|iPhone.Build.0 = Release|Any CPU
		{2C26FB2E-6CE3-409B-A614-AAD3800CB94F}.Ad-Hoc|iPhone.Deploy.0 = Release|Any CPU
		{2C26FB2E-6CE3-409B-A614-AAD3800CB94F}.Ad-Hoc|iPhoneSimulator.ActiveCfg = Release|Any CPU
		{2C26FB2E-6CE3-409B-A614-AAD3800CB94F}.Ad-Hoc|iPhoneSimulator.Build.0 = Release|Any CPU
		{2C26FB2E-6CE3-409B-A614-AAD3800CB94F}.Ad-Hoc|iPhoneSimulator.Deploy.0 = Release|Any CPU
		{2C26FB2E-6CE3-409B-A614-AAD3800CB94F}.Ad-Hoc|x64.ActiveCfg = Release|Any CPU
		{2C26FB2E-6CE3-409B-A614-AAD3800CB94F}.Ad-Hoc|x64.Build.0 = Release|Any CPU
		{2C26FB2E-6CE3-409B-A614-AAD3800CB94F}.Ad-Hoc|x64.Deploy.0 = Release|Any CPU
		{2C26FB2E-6CE3-409B-A614-AAD3800CB94F}.Ad-Hoc|x86.ActiveCfg = Release|Any CPU
		{2C26FB2E-6CE3-409B-A614-AAD3800CB94F}.Ad-Hoc|x86.Build.0 = Release|Any CPU
		{2C26FB2E-6CE3-409B-A614-AAD3800CB94F}.Ad-Hoc|x86.Deploy.0 = Release|Any CPU
		{2C26FB2E-6CE3-409B-A614-AAD3800CB94F}.AppStore|Any CPU.ActiveCfg = Release|Any CPU
		{2C26FB2E-6CE3-409B-A614-AAD3800CB94F}.AppStore|Any CPU.Build.0 = Release|Any CPU
		{2C26FB2E-6CE3-409B-A614-AAD3800CB94F}.AppStore|Any CPU.Deploy.0 = Release|Any CPU
		{2C26FB2E-6CE3-409B-A614-AAD3800CB94F}.AppStore|ARM.ActiveCfg = Release|Any CPU
		{2C26FB2E-6CE3-409B-A614-AAD3800CB94F}.AppStore|ARM.Build.0 = Release|Any CPU
		{2C26FB2E-6CE3-409B-A614-AAD3800CB94F}.AppStore|ARM.Deploy.0 = Release|Any CPU
		{2C26FB2E-6CE3-409B-A614-AAD3800CB94F}.AppStore|iPhone.ActiveCfg = Release|Any CPU
		{2C26FB2E-6CE3-409B-A614-AAD3800CB94F}.AppStore|iPhone.Build.0 = Release|Any CPU
		{2C26FB2E-6CE3-409B-A614-AAD3800CB94F}.AppStore|iPhone.Deploy.0 = Release|Any CPU
		{2C26FB2E-6CE3-409B-A614-AAD3800CB94F}.AppStore|iPhoneSimulator.ActiveCfg = Release|Any CPU
		{2C26FB2E-6CE3-409B-A614-AAD3800CB94F}.AppStore|iPhoneSimulator.Build.0 = Release|Any CPU
		{2C26FB2E-6CE3-409B-A614-AAD3800CB94F}.AppStore|iPhoneSimulator.Deploy.0 = Release|Any CPU
		{2C26FB2E-6CE3-409B-A614-AAD3800CB94F}.AppStore|x64.ActiveCfg = Release|Any CPU
		{2C26FB2E-6CE3-409B-A614-AAD3800CB94F}.AppStore|x64.Build.0 = Release|Any CPU
		{2C26FB2E-6CE3-409B-A614-AAD3800CB94F}.AppStore|x64.Deploy.0 = Release|Any CPU
		{2C26FB2E-6CE3-409B-A614-AAD3800CB94F}.AppStore|x86.ActiveCfg = Release|Any CPU
		{2C26FB2E-6CE3-409B-A614-AAD3800CB94F}.AppStore|x86.Build.0 = Release|Any CPU
		{2C26FB2E-6CE3-409B-A614-AAD3800CB94F}.AppStore|x86.Deploy.0 = Release|Any CPU
		{2C26FB2E-6CE3-409B-A614-AAD3800CB94F}.Debug|Any CPU.ActiveCfg = Debug|Any CPU
		{2C26FB2E-6CE3-409B-A614-AAD3800CB94F}.Debug|Any CPU.Build.0 = Debug|Any CPU
		{2C26FB2E-6CE3-409B-A614-AAD3800CB94F}.Debug|Any CPU.Deploy.0 = Debug|Any CPU
		{2C26FB2E-6CE3-409B-A614-AAD3800CB94F}.Debug|ARM.ActiveCfg = Debug|Any CPU
		{2C26FB2E-6CE3-409B-A614-AAD3800CB94F}.Debug|ARM.Build.0 = Debug|Any CPU
		{2C26FB2E-6CE3-409B-A614-AAD3800CB94F}.Debug|ARM.Deploy.0 = Debug|Any CPU
		{2C26FB2E-6CE3-409B-A614-AAD3800CB94F}.Debug|iPhone.ActiveCfg = Debug|Any CPU
		{2C26FB2E-6CE3-409B-A614-AAD3800CB94F}.Debug|iPhone.Build.0 = Debug|Any CPU
		{2C26FB2E-6CE3-409B-A614-AAD3800CB94F}.Debug|iPhone.Deploy.0 = Debug|Any CPU
		{2C26FB2E-6CE3-409B-A614-AAD3800CB94F}.Debug|iPhoneSimulator.ActiveCfg = Debug|Any CPU
		{2C26FB2E-6CE3-409B-A614-AAD3800CB94F}.Debug|iPhoneSimulator.Build.0 = Debug|Any CPU
		{2C26FB2E-6CE3-409B-A614-AAD3800CB94F}.Debug|iPhoneSimulator.Deploy.0 = Debug|Any CPU
		{2C26FB2E-6CE3-409B-A614-AAD3800CB94F}.Debug|x64.ActiveCfg = Debug|Any CPU
		{2C26FB2E-6CE3-409B-A614-AAD3800CB94F}.Debug|x64.Build.0 = Debug|Any CPU
		{2C26FB2E-6CE3-409B-A614-AAD3800CB94F}.Debug|x64.Deploy.0 = Debug|Any CPU
		{2C26FB2E-6CE3-409B-A614-AAD3800CB94F}.Debug|x86.ActiveCfg = Debug|Any CPU
		{2C26FB2E-6CE3-409B-A614-AAD3800CB94F}.Debug|x86.Build.0 = Debug|Any CPU
		{2C26FB2E-6CE3-409B-A614-AAD3800CB94F}.Debug|x86.Deploy.0 = Debug|Any CPU
		{2C26FB2E-6CE3-409B-A614-AAD3800CB94F}.Release|Any CPU.ActiveCfg = Release|Any CPU
		{2C26FB2E-6CE3-409B-A614-AAD3800CB94F}.Release|Any CPU.Build.0 = Release|Any CPU
		{2C26FB2E-6CE3-409B-A614-AAD3800CB94F}.Release|Any CPU.Deploy.0 = Release|Any CPU
		{2C26FB2E-6CE3-409B-A614-AAD3800CB94F}.Release|ARM.ActiveCfg = Release|Any CPU
		{2C26FB2E-6CE3-409B-A614-AAD3800CB94F}.Release|ARM.Build.0 = Release|Any CPU
		{2C26FB2E-6CE3-409B-A614-AAD3800CB94F}.Release|ARM.Deploy.0 = Release|Any CPU
		{2C26FB2E-6CE3-409B-A614-AAD3800CB94F}.Release|iPhone.ActiveCfg = Release|Any CPU
		{2C26FB2E-6CE3-409B-A614-AAD3800CB94F}.Release|iPhone.Build.0 = Release|Any CPU
		{2C26FB2E-6CE3-409B-A614-AAD3800CB94F}.Release|iPhone.Deploy.0 = Release|Any CPU
		{2C26FB2E-6CE3-409B-A614-AAD3800CB94F}.Release|iPhoneSimulator.ActiveCfg = Release|Any CPU
		{2C26FB2E-6CE3-409B-A614-AAD3800CB94F}.Release|iPhoneSimulator.Build.0 = Release|Any CPU
		{2C26FB2E-6CE3-409B-A614-AAD3800CB94F}.Release|iPhoneSimulator.Deploy.0 = Release|Any CPU
		{2C26FB2E-6CE3-409B-A614-AAD3800CB94F}.Release|x64.ActiveCfg = Release|Any CPU
		{2C26FB2E-6CE3-409B-A614-AAD3800CB94F}.Release|x64.Build.0 = Release|Any CPU
		{2C26FB2E-6CE3-409B-A614-AAD3800CB94F}.Release|x64.Deploy.0 = Release|Any CPU
		{2C26FB2E-6CE3-409B-A614-AAD3800CB94F}.Release|x86.ActiveCfg = Release|Any CPU
		{2C26FB2E-6CE3-409B-A614-AAD3800CB94F}.Release|x86.Build.0 = Release|Any CPU
		{2C26FB2E-6CE3-409B-A614-AAD3800CB94F}.Release|x86.Deploy.0 = Release|Any CPU
		{39A7178C-FF41-40E2-8BE9-817533AD1135}.Ad-Hoc|Any CPU.ActiveCfg = Release|Any CPU
		{39A7178C-FF41-40E2-8BE9-817533AD1135}.Ad-Hoc|Any CPU.Build.0 = Release|Any CPU
		{39A7178C-FF41-40E2-8BE9-817533AD1135}.Ad-Hoc|ARM.ActiveCfg = Release|Any CPU
		{39A7178C-FF41-40E2-8BE9-817533AD1135}.Ad-Hoc|ARM.Build.0 = Release|Any CPU
		{39A7178C-FF41-40E2-8BE9-817533AD1135}.Ad-Hoc|iPhone.ActiveCfg = Release|Any CPU
		{39A7178C-FF41-40E2-8BE9-817533AD1135}.Ad-Hoc|iPhone.Build.0 = Release|Any CPU
		{39A7178C-FF41-40E2-8BE9-817533AD1135}.Ad-Hoc|iPhoneSimulator.ActiveCfg = Release|Any CPU
		{39A7178C-FF41-40E2-8BE9-817533AD1135}.Ad-Hoc|iPhoneSimulator.Build.0 = Release|Any CPU
		{39A7178C-FF41-40E2-8BE9-817533AD1135}.Ad-Hoc|x64.ActiveCfg = Release|Any CPU
		{39A7178C-FF41-40E2-8BE9-817533AD1135}.Ad-Hoc|x64.Build.0 = Release|Any CPU
		{39A7178C-FF41-40E2-8BE9-817533AD1135}.Ad-Hoc|x86.ActiveCfg = Release|Any CPU
		{39A7178C-FF41-40E2-8BE9-817533AD1135}.Ad-Hoc|x86.Build.0 = Release|Any CPU
		{39A7178C-FF41-40E2-8BE9-817533AD1135}.AppStore|Any CPU.ActiveCfg = Release|Any CPU
		{39A7178C-FF41-40E2-8BE9-817533AD1135}.AppStore|Any CPU.Build.0 = Release|Any CPU
		{39A7178C-FF41-40E2-8BE9-817533AD1135}.AppStore|ARM.ActiveCfg = Release|Any CPU
		{39A7178C-FF41-40E2-8BE9-817533AD1135}.AppStore|ARM.Build.0 = Release|Any CPU
		{39A7178C-FF41-40E2-8BE9-817533AD1135}.AppStore|iPhone.ActiveCfg = Release|Any CPU
		{39A7178C-FF41-40E2-8BE9-817533AD1135}.AppStore|iPhone.Build.0 = Release|Any CPU
		{39A7178C-FF41-40E2-8BE9-817533AD1135}.AppStore|iPhoneSimulator.ActiveCfg = Release|Any CPU
		{39A7178C-FF41-40E2-8BE9-817533AD1135}.AppStore|iPhoneSimulator.Build.0 = Release|Any CPU
		{39A7178C-FF41-40E2-8BE9-817533AD1135}.AppStore|x64.ActiveCfg = Release|Any CPU
		{39A7178C-FF41-40E2-8BE9-817533AD1135}.AppStore|x64.Build.0 = Release|Any CPU
		{39A7178C-FF41-40E2-8BE9-817533AD1135}.AppStore|x86.ActiveCfg = Release|Any CPU
		{39A7178C-FF41-40E2-8BE9-817533AD1135}.AppStore|x86.Build.0 = Release|Any CPU
		{39A7178C-FF41-40E2-8BE9-817533AD1135}.Debug|Any CPU.ActiveCfg = Debug|Any CPU
		{39A7178C-FF41-40E2-8BE9-817533AD1135}.Debug|Any CPU.Build.0 = Debug|Any CPU
		{39A7178C-FF41-40E2-8BE9-817533AD1135}.Debug|ARM.ActiveCfg = Debug|Any CPU
		{39A7178C-FF41-40E2-8BE9-817533AD1135}.Debug|ARM.Build.0 = Debug|Any CPU
		{39A7178C-FF41-40E2-8BE9-817533AD1135}.Debug|iPhone.ActiveCfg = Debug|Any CPU
		{39A7178C-FF41-40E2-8BE9-817533AD1135}.Debug|iPhone.Build.0 = Debug|Any CPU
		{39A7178C-FF41-40E2-8BE9-817533AD1135}.Debug|iPhoneSimulator.ActiveCfg = Debug|Any CPU
		{39A7178C-FF41-40E2-8BE9-817533AD1135}.Debug|iPhoneSimulator.Build.0 = Debug|Any CPU
		{39A7178C-FF41-40E2-8BE9-817533AD1135}.Debug|x64.ActiveCfg = Debug|Any CPU
		{39A7178C-FF41-40E2-8BE9-817533AD1135}.Debug|x64.Build.0 = Debug|Any CPU
		{39A7178C-FF41-40E2-8BE9-817533AD1135}.Debug|x86.ActiveCfg = Debug|Any CPU
		{39A7178C-FF41-40E2-8BE9-817533AD1135}.Debug|x86.Build.0 = Debug|Any CPU
		{39A7178C-FF41-40E2-8BE9-817533AD1135}.Release|Any CPU.ActiveCfg = Release|Any CPU
		{39A7178C-FF41-40E2-8BE9-817533AD1135}.Release|Any CPU.Build.0 = Release|Any CPU
		{39A7178C-FF41-40E2-8BE9-817533AD1135}.Release|ARM.ActiveCfg = Release|Any CPU
		{39A7178C-FF41-40E2-8BE9-817533AD1135}.Release|ARM.Build.0 = Release|Any CPU
		{39A7178C-FF41-40E2-8BE9-817533AD1135}.Release|iPhone.ActiveCfg = Release|Any CPU
		{39A7178C-FF41-40E2-8BE9-817533AD1135}.Release|iPhone.Build.0 = Release|Any CPU
		{39A7178C-FF41-40E2-8BE9-817533AD1135}.Release|iPhoneSimulator.ActiveCfg = Release|Any CPU
		{39A7178C-FF41-40E2-8BE9-817533AD1135}.Release|iPhoneSimulator.Build.0 = Release|Any CPU
		{39A7178C-FF41-40E2-8BE9-817533AD1135}.Release|x64.ActiveCfg = Release|Any CPU
		{39A7178C-FF41-40E2-8BE9-817533AD1135}.Release|x64.Build.0 = Release|Any CPU
		{39A7178C-FF41-40E2-8BE9-817533AD1135}.Release|x86.ActiveCfg = Release|Any CPU
		{39A7178C-FF41-40E2-8BE9-817533AD1135}.Release|x86.Build.0 = Release|Any CPU
		{57C49941-97C9-440D-AC4C-F0E1958F8869}.Ad-Hoc|Any CPU.ActiveCfg = Release|x86
		{57C49941-97C9-440D-AC4C-F0E1958F8869}.Ad-Hoc|Any CPU.Build.0 = Release|x86
		{57C49941-97C9-440D-AC4C-F0E1958F8869}.Ad-Hoc|Any CPU.Deploy.0 = Release|x86
		{57C49941-97C9-440D-AC4C-F0E1958F8869}.Ad-Hoc|ARM.ActiveCfg = Release|ARM
		{57C49941-97C9-440D-AC4C-F0E1958F8869}.Ad-Hoc|ARM.Build.0 = Release|ARM
		{57C49941-97C9-440D-AC4C-F0E1958F8869}.Ad-Hoc|ARM.Deploy.0 = Release|ARM
		{57C49941-97C9-440D-AC4C-F0E1958F8869}.Ad-Hoc|iPhone.ActiveCfg = Release|x86
		{57C49941-97C9-440D-AC4C-F0E1958F8869}.Ad-Hoc|iPhone.Build.0 = Release|x86
		{57C49941-97C9-440D-AC4C-F0E1958F8869}.Ad-Hoc|iPhone.Deploy.0 = Release|x86
		{57C49941-97C9-440D-AC4C-F0E1958F8869}.Ad-Hoc|iPhoneSimulator.ActiveCfg = Release|x86
		{57C49941-97C9-440D-AC4C-F0E1958F8869}.Ad-Hoc|iPhoneSimulator.Build.0 = Release|x86
		{57C49941-97C9-440D-AC4C-F0E1958F8869}.Ad-Hoc|iPhoneSimulator.Deploy.0 = Release|x86
		{57C49941-97C9-440D-AC4C-F0E1958F8869}.Ad-Hoc|x64.ActiveCfg = Release|x64
		{57C49941-97C9-440D-AC4C-F0E1958F8869}.Ad-Hoc|x64.Build.0 = Release|x64
		{57C49941-97C9-440D-AC4C-F0E1958F8869}.Ad-Hoc|x64.Deploy.0 = Release|x64
		{57C49941-97C9-440D-AC4C-F0E1958F8869}.Ad-Hoc|x86.ActiveCfg = Release|x86
		{57C49941-97C9-440D-AC4C-F0E1958F8869}.Ad-Hoc|x86.Build.0 = Release|x86
		{57C49941-97C9-440D-AC4C-F0E1958F8869}.Ad-Hoc|x86.Deploy.0 = Release|x86
		{57C49941-97C9-440D-AC4C-F0E1958F8869}.AppStore|Any CPU.ActiveCfg = Release|x86
		{57C49941-97C9-440D-AC4C-F0E1958F8869}.AppStore|Any CPU.Build.0 = Release|x86
		{57C49941-97C9-440D-AC4C-F0E1958F8869}.AppStore|Any CPU.Deploy.0 = Release|x86
		{57C49941-97C9-440D-AC4C-F0E1958F8869}.AppStore|ARM.ActiveCfg = Release|ARM
		{57C49941-97C9-440D-AC4C-F0E1958F8869}.AppStore|ARM.Build.0 = Release|ARM
		{57C49941-97C9-440D-AC4C-F0E1958F8869}.AppStore|ARM.Deploy.0 = Release|ARM
		{57C49941-97C9-440D-AC4C-F0E1958F8869}.AppStore|iPhone.ActiveCfg = Release|x86
		{57C49941-97C9-440D-AC4C-F0E1958F8869}.AppStore|iPhone.Build.0 = Release|x86
		{57C49941-97C9-440D-AC4C-F0E1958F8869}.AppStore|iPhone.Deploy.0 = Release|x86
		{57C49941-97C9-440D-AC4C-F0E1958F8869}.AppStore|iPhoneSimulator.ActiveCfg = Release|x86
		{57C49941-97C9-440D-AC4C-F0E1958F8869}.AppStore|iPhoneSimulator.Build.0 = Release|x86
		{57C49941-97C9-440D-AC4C-F0E1958F8869}.AppStore|iPhoneSimulator.Deploy.0 = Release|x86
		{57C49941-97C9-440D-AC4C-F0E1958F8869}.AppStore|x64.ActiveCfg = Release|x64
		{57C49941-97C9-440D-AC4C-F0E1958F8869}.AppStore|x64.Build.0 = Release|x64
		{57C49941-97C9-440D-AC4C-F0E1958F8869}.AppStore|x64.Deploy.0 = Release|x64
		{57C49941-97C9-440D-AC4C-F0E1958F8869}.AppStore|x86.ActiveCfg = Release|x86
		{57C49941-97C9-440D-AC4C-F0E1958F8869}.AppStore|x86.Build.0 = Release|x86
		{57C49941-97C9-440D-AC4C-F0E1958F8869}.AppStore|x86.Deploy.0 = Release|x86
		{57C49941-97C9-440D-AC4C-F0E1958F8869}.Debug|Any CPU.ActiveCfg = Debug|x86
		{57C49941-97C9-440D-AC4C-F0E1958F8869}.Debug|Any CPU.Build.0 = Debug|x86
		{57C49941-97C9-440D-AC4C-F0E1958F8869}.Debug|Any CPU.Deploy.0 = Debug|x86
		{57C49941-97C9-440D-AC4C-F0E1958F8869}.Debug|ARM.ActiveCfg = Debug|ARM
		{57C49941-97C9-440D-AC4C-F0E1958F8869}.Debug|ARM.Build.0 = Debug|ARM
		{57C49941-97C9-440D-AC4C-F0E1958F8869}.Debug|ARM.Deploy.0 = Debug|ARM
		{57C49941-97C9-440D-AC4C-F0E1958F8869}.Debug|iPhone.ActiveCfg = Debug|x86
		{57C49941-97C9-440D-AC4C-F0E1958F8869}.Debug|iPhoneSimulator.ActiveCfg = Debug|x86
		{57C49941-97C9-440D-AC4C-F0E1958F8869}.Debug|x64.ActiveCfg = Debug|x64
		{57C49941-97C9-440D-AC4C-F0E1958F8869}.Debug|x64.Build.0 = Debug|x64
		{57C49941-97C9-440D-AC4C-F0E1958F8869}.Debug|x64.Deploy.0 = Debug|x64
		{57C49941-97C9-440D-AC4C-F0E1958F8869}.Debug|x86.ActiveCfg = Debug|x86
		{57C49941-97C9-440D-AC4C-F0E1958F8869}.Debug|x86.Build.0 = Debug|x86
		{57C49941-97C9-440D-AC4C-F0E1958F8869}.Debug|x86.Deploy.0 = Debug|x86
		{57C49941-97C9-440D-AC4C-F0E1958F8869}.Release|Any CPU.ActiveCfg = Release|x86
		{57C49941-97C9-440D-AC4C-F0E1958F8869}.Release|ARM.ActiveCfg = Release|ARM
		{57C49941-97C9-440D-AC4C-F0E1958F8869}.Release|ARM.Build.0 = Release|ARM
		{57C49941-97C9-440D-AC4C-F0E1958F8869}.Release|ARM.Deploy.0 = Release|ARM
		{57C49941-97C9-440D-AC4C-F0E1958F8869}.Release|iPhone.ActiveCfg = Release|x86
		{57C49941-97C9-440D-AC4C-F0E1958F8869}.Release|iPhoneSimulator.ActiveCfg = Release|x86
		{57C49941-97C9-440D-AC4C-F0E1958F8869}.Release|x64.ActiveCfg = Release|x64
		{57C49941-97C9-440D-AC4C-F0E1958F8869}.Release|x64.Build.0 = Release|x64
		{57C49941-97C9-440D-AC4C-F0E1958F8869}.Release|x64.Deploy.0 = Release|x64
		{57C49941-97C9-440D-AC4C-F0E1958F8869}.Release|x86.ActiveCfg = Release|x86
		{57C49941-97C9-440D-AC4C-F0E1958F8869}.Release|x86.Build.0 = Release|x86
		{57C49941-97C9-440D-AC4C-F0E1958F8869}.Release|x86.Deploy.0 = Release|x86
	EndGlobalSection
	GlobalSection(SolutionProperties) = preSolution
		HideSolutionNode = FALSE
	EndGlobalSection
EndGlobal
